
Microsoft Visual Studio Solution File, Format Version 12.00
# Visual Studio Version 17
VisualStudioVersion = 17.8.34309.116
MinimumVisualStudioVersion = 10.0.40219.1
Project("{9A19103F-16F7-4668-BE54-9A1E7A4F7556}") = "LCVR", "LCVR.csproj", "{75F4DDC9-D61E-4664-9F81-AE3B61E405E3}"
EndProject
Global
	GlobalSection(SolutionConfigurationPlatforms) = preSolution
		Debug|Any CPU = Debug|Any CPU
		Release|Any CPU = Release|Any CPU
	EndGlobalSection
	GlobalSection(ProjectConfigurationPlatforms) = postSolution
		{75F4DDC9-D61E-4664-9F81-AE3B61E405E3}.Debug|Any CPU.ActiveCfg = Debug|Any CPU
		{75F4DDC9-D61E-4664-9F81-AE3B61E405E3}.Debug|Any CPU.Build.0 = Debug|Any CPU
		{75F4DDC9-D61E-4664-9F81-AE3B61E405E3}.Release|Any CPU.ActiveCfg = Release|Any CPU
		{75F4DDC9-D61E-4664-9F81-AE3B61E405E3}.Release|Any CPU.Build.0 = Release|Any CPU
	EndGlobalSection
	GlobalSection(SolutionProperties) = preSolution
		HideSolutionNode = FALSE
	EndGlobalSection
	GlobalSection(ExtensibilityGlobals) = postSolution
		SolutionGuid = {80BB953B-61B9-4CC0-9283-A29EBB4648E6}
	EndGlobalSection
EndGlobal
